github.com/fatih/color v1.7.0 h1:DkWD4oS2D8LGGgTQ6IvwJJXSL5Vp2ffcQg58nFV38Ys=
github.com/fatih/color v1.7.0/go.mod h1:Zm6kSWBoL9eyXnKyktHP6abPY2pDugNf5KwzbycvMj4=
github.com/fatih/color v1.7.1-0.20181010231311-3f9d52f7176a h1:AX/sSlGNYW3wDaDEp08Wm/SZ23jKd6p2KVNZoBtLSWM=
github.com/fatih/color v1.7.1-0.20181010231311-3f9d52f7176a/go.mod h1:Zm6kSWBoL9eyXnKyktHP6abPY2pDugNf5KwzbycvMj4=
github.com/mattn/go-colorable v0.0.9/go.mod h1:9vuHe8Xs5qXnSaW/c/ABM9alt+Vo+STaOChaDxuIBZU=
github.com/mattn/go-colorable v0.1.1 h1:G1f5SKeVxmagw/IyvzvtZE4Gybcc4Tr1tf7I8z0XgOg=
github.com/mattn/go-colorable v0.1.1/go.mod h1:FuOcm+DKB9mbwrcAfNl7/TZVBZ6rcnceauSikq3lYCQ=
github.com/mattn/go-isatty v0.0.4/go.mod h1:M+lRXTBqGeGNdLjl/ufCoiOlB5xdOkqRJdNxMWT7Zi4=
github.com/mattn/go-isatty v0.0.5/go.mod h1:Iq45c/XA43vh69/j3iqttzPXn0bhXyGjM0Hdxcsrc5s=
github.com/mattn/go-isatty v0.0.7 h1:UvyT9uN+3r7yLEYSlJsbQGdsaB/a0DlgWP3pql6iwOc=
github.com/mattn/go-isatty v0.0.7/go.mod h1:Iq45c/XA43vh69/j3iqttzPXn0bhXyGjM0Hdxcsrc5s=
github.com/zchee/color v1.7.0 h1:kwfQtHW3BemUhhyG6Oz6UJMyvUqK2nHHzmLJ0Obx4QU=
github.com/zchee/color v1.7.0/go.mod h1:FSz74dOaUELpDBMNTUSViUIXkK0pjCQFlguS1+8x80c=
github.com/zchee/color v1.7.1-0.20190325120327-b829b578799f h1:rtMp/9SVRE4TYDTr+eUp/4+/C/CvaZRwCt2VHX4M5vM=
github.com/zchee/color v1.7.1-0.20190325120327-b829b578799f/go.mod h1:q8eRjt+RE9PLEC2senFQvmjygMpun76oW4WO+dvWL7M=
github.com/zchee/color v1.7.1-0.20190325122511-b809c6a4f3f4/go.mod h1:EuckLjvGrcyq0M8jGTrSR+u4IaR4BIrfdNo6Qx0zdLE=
github.com/zchee/color/benchmarks v0.0.0-20190325122317-d0888244ffdf/go.mod h1:uH19BZs0RtczDkW8/Q3ixZhfkMltFJS1a2zlWAzUlQ8=
golang.org/x/sys v0.0.0-20190203050204-7ae0202eb74c/go.mod h1:STP8DvDyc/dI5b8T5hshtkjS+E42TnysNCUPdjciGhY=
golang.org/x/sys v0.0.0-20190222072716-a9d3bda3a223 h1:DH4skfRX4EBpamg7iV4ZlCpblAHI6s6TDM39bFZumv8=
golang.org/x/sys v0.0.0-20190222072716-a9d3bda3a223/go.mod h1:STP8DvDyc/dI5b8T5hshtkjS+E42TnysNCUPdjciGhY=
golang.org/x/sys v0.0.0-20190322080309-f49334f85ddc/go.mod h1:h1NjWce9XRLGQEsW7wpKNCjG9DtNlClVuFLEZdDNbEs=
